
Microsoft Visual Studio Solution File, Format Version 12.00
# Visual Studio Version 17
VisualStudioVersion = 17.1.32228.430
MinimumVisualStudioVersion = 10.0.40219.1
Project("{9A19103F-16F7-4668-BE54-9A1E7A4F7556}") = "WebApplication1", "WebApplication1\WebApplication1.csproj", "{CD40E8FA-F29F-49E2-9F44-6E3ACF8FA4F3}"
EndProject
Project("{FAE04EC0-301F-11D3-BF4B-00C04F79EFBC}") = "TestProject1.Test", "TestProject1.Test\TestProject1.Test.csproj", "{E1EBD1ED-5433-45D1-9380-96126256E5C7}"
EndProject
Global
	GlobalSection(SolutionConfigurationPlatforms) = preSolution
		Debug|Any CPU = Debug|Any CPU
		Release|Any CPU = Release|Any CPU
	EndGlobalSection
	GlobalSection(ProjectConfigurationPlatforms) = postSolution
		{CD40E8FA-F29F-49E2-9F44-6E3ACF8FA4F3}.Debug|Any CPU.ActiveCfg = Debug|Any CPU
		{CD40E8FA-F29F-49E2-9F44-6E3ACF8FA4F3}.Debug|Any CPU.Build.0 = Debug|Any CPU
		{CD40E8FA-F29F-49E2-9F44-6E3ACF8FA4F3}.Release|Any CPU.ActiveCfg = Release|Any CPU
		{CD40E8FA-F29F-49E2-9F44-6E3ACF8FA4F3}.Release|Any CPU.Build.0 = Release|Any CPU
		{E1EBD1ED-5433-45D1-9380-96126256E5C7}.Debug|Any CPU.ActiveCfg = Debug|Any CPU
		{E1EBD1ED-5433-45D1-9380-96126256E5C7}.Debug|Any CPU.Build.0 = Debug|Any CPU
		{E1EBD1ED-5433-45D1-9380-96126256E5C7}.Release|Any CPU.ActiveCfg = Release|Any CPU
		{E1EBD1ED-5433-45D1-9380-96126256E5C7}.Release|Any CPU.Build.0 = Release|Any CPU
	EndGlobalSection
	GlobalSection(SolutionProperties) = preSolution
		HideSolutionNode = FALSE
	EndGlobalSection
	GlobalSection(ExtensibilityGlobals) = postSolution
		SolutionGuid = {0792802E-91B1-4662-85D3-0E0DE2DC8B64}
	EndGlobalSection
EndGlobal
